<?xml version="1.0" encoding="utf-8"?>
<Project ToolsVersion="4.0" xmlns="http://schemas.microsoft.com/developer/msbuild/2003">
  <ItemGroup>
    <ClCompile Include="Animation.cpp" />
    <ClCompile Include="Backdrop.cpp" />
    <ClCompile Include="Entity.cpp" />
    <ClCompile Include="FlyingEnemy.cpp" />
    <ClCompile Include="GroundEnemy.cpp" />
    <ClCompile Include="main.cpp" />
    <ClCompile Include="Player.cpp" />
  </ItemGroup>
  <ItemGroup>
    <ClInclude Include="Animation.hpp" />
    <ClInclude Include="Backdrop.hpp" />
    <ClInclude Include="Entity.hpp" />
    <ClInclude Include="FlyingEnemy.hpp" />
    <ClInclude Include="GroundEnemy.hpp" />
    <ClInclude Include="Object.hpp" />
    <ClInclude Include="Prop.hpp" />
    <ClInclude Include="Player.hpp" />
  </ItemGroup>
  <ItemGroup>
    <Image Include="Backdrop.png" />
    <Image Include="Backdrop1.png" />
    <Image Include="Sprite.png" />
    <Image Include="platform.png" />
  </ItemGroup>
</Project>